
Microsoft Visual Studio Solution File, Format Version 12.00
# Visual Studio 15
VisualStudioVersion = 15.0.28307.329
MinimumVisualStudioVersion = 10.0.40219.1
Project("{9A19103F-16F7-4668-BE54-9A1E7A4F7556}") = "EFReplicaCore", "EFReplicaCore\EFReplicaCore.csproj", "{A7182B0E-725F-48A5-ACCB-81F062B15B2F}"
EndProject
Project("{9A19103F-16F7-4668-BE54-9A1E7A4F7556}") = "EFReplicaTest", "EFReplicaTest\EFReplicaTest.csproj", "{8DDE7A3A-F17A-4F37-AE6D-492D98CCD055}"
EndProject
Project("{9A19103F-16F7-4668-BE54-9A1E7A4F7556}") = "Travalon.API", "Travalon.API\Travalon.API.csproj", "{9FFEC851-4AA0-45CD-8788-36D350C1411D}"
EndProject
Project("{9A19103F-16F7-4668-BE54-9A1E7A4F7556}") = "Travalon.Test", "Travalon.Test\Travalon.Test.csproj", "{29A2F226-D3D7-4C4D-A96A-29E55A0A1D37}"
EndProject
Global
	GlobalSection(SolutionConfigurationPlatforms) = preSolution
		Debug|Any CPU = Debug|Any CPU
		Release|Any CPU = Release|Any CPU
	EndGlobalSection
	GlobalSection(ProjectConfigurationPlatforms) = postSolution
		{A7182B0E-725F-48A5-ACCB-81F062B15B2F}.Debug|Any CPU.ActiveCfg = Debug|Any CPU
		{A7182B0E-725F-48A5-ACCB-81F062B15B2F}.Debug|Any CPU.Build.0 = Debug|Any CPU
		{A7182B0E-725F-48A5-ACCB-81F062B15B2F}.Release|Any CPU.ActiveCfg = Release|Any CPU
		{A7182B0E-725F-48A5-ACCB-81F062B15B2F}.Release|Any CPU.Build.0 = Release|Any CPU
		{8DDE7A3A-F17A-4F37-AE6D-492D98CCD055}.Debug|Any CPU.ActiveCfg = Debug|Any CPU
		{8DDE7A3A-F17A-4F37-AE6D-492D98CCD055}.Debug|Any CPU.Build.0 = Debug|Any CPU
		{8DDE7A3A-F17A-4F37-AE6D-492D98CCD055}.Release|Any CPU.ActiveCfg = Release|Any CPU
		{8DDE7A3A-F17A-4F37-AE6D-492D98CCD055}.Release|Any CPU.Build.0 = Release|Any CPU
		{9FFEC851-4AA0-45CD-8788-36D350C1411D}.Debug|Any CPU.ActiveCfg = Debug|Any CPU
		{9FFEC851-4AA0-45CD-8788-36D350C1411D}.Debug|Any CPU.Build.0 = Debug|Any CPU
		{9FFEC851-4AA0-45CD-8788-36D350C1411D}.Release|Any CPU.ActiveCfg = Release|Any CPU
		{9FFEC851-4AA0-45CD-8788-36D350C1411D}.Release|Any CPU.Build.0 = Release|Any CPU
		{29A2F226-D3D7-4C4D-A96A-29E55A0A1D37}.Debug|Any CPU.ActiveCfg = Debug|Any CPU
		{29A2F226-D3D7-4C4D-A96A-29E55A0A1D37}.Debug|Any CPU.Build.0 = Debug|Any CPU
		{29A2F226-D3D7-4C4D-A96A-29E55A0A1D37}.Release|Any CPU.ActiveCfg = Release|Any CPU
		{29A2F226-D3D7-4C4D-A96A-29E55A0A1D37}.Release|Any CPU.Build.0 = Release|Any CPU
	EndGlobalSection
	GlobalSection(SolutionProperties) = preSolution
		HideSolutionNode = FALSE
	EndGlobalSection
	GlobalSection(ExtensibilityGlobals) = postSolution
		SolutionGuid = {1B2F7CD9-3A8D-453A-9D1A-48FF0679EB7C}
	EndGlobalSection
EndGlobal
